
Microsoft Visual Studio Solution File, Format Version 12.00
# Visual Studio Version 16
VisualStudioVersion = 16.0.30011.22
MinimumVisualStudioVersion = 10.0.40219.1
Project("{FAE04EC0-301F-11D3-BF4B-00C04F79EFBC}") = "KiwiedWindows", "KiwiedWindows.csproj", "{EC156836-E7FC-4EF6-B62A-69A6F7AA5BD7}"
EndProject
Global
	GlobalSection(SolutionConfigurationPlatforms) = preSolution
		Debug|Any CPU = Debug|Any CPU
		Release|Any CPU = Release|Any CPU
	EndGlobalSection
	GlobalSection(ProjectConfigurationPlatforms) = postSolution
		{EC156836-E7FC-4EF6-B62A-69A6F7AA5BD7}.Debug|Any CPU.ActiveCfg = Debug|Any CPU
		{EC156836-E7FC-4EF6-B62A-69A6F7AA5BD7}.Debug|Any CPU.Build.0 = Debug|Any CPU
		{EC156836-E7FC-4EF6-B62A-69A6F7AA5BD7}.Release|Any CPU.ActiveCfg = Release|Any CPU
		{EC156836-E7FC-4EF6-B62A-69A6F7AA5BD7}.Release|Any CPU.Build.0 = Release|Any CPU
	EndGlobalSection
	GlobalSection(SolutionProperties) = preSolution
		HideSolutionNode = FALSE
	EndGlobalSection
	GlobalSection(ExtensibilityGlobals) = postSolution
		SolutionGuid = {D4B186F8-165E-444F-927C-5BD8C6A525A1}
	EndGlobalSection
EndGlobal
